
Microsoft Visual Studio Solution File, Format Version 12.00
# Visual Studio Version 17
VisualStudioVersion = 17.8.34316.72
MinimumVisualStudioVersion = 10.0.40219.1
Project("{FAE04EC0-301F-11D3-BF4B-00C04F79EFBC}") = "StudentManager", "StudentManager.csproj", "{EDD801F2-F8F1-4386-8555-5B4BF49C140B}"
EndProject
Global
	GlobalSection(SolutionConfigurationPlatforms) = preSolution
		Debug|Any CPU = Debug|Any CPU
		Release|Any CPU = Release|Any CPU
	EndGlobalSection
	GlobalSection(ProjectConfigurationPlatforms) = postSolution
		{EDD801F2-F8F1-4386-8555-5B4BF49C140B}.Debug|Any CPU.ActiveCfg = Debug|Any CPU
		{EDD801F2-F8F1-4386-8555-5B4BF49C140B}.Debug|Any CPU.Build.0 = Debug|Any CPU
		{EDD801F2-F8F1-4386-8555-5B4BF49C140B}.Release|Any CPU.ActiveCfg = Release|Any CPU
		{EDD801F2-F8F1-4386-8555-5B4BF49C140B}.Release|Any CPU.Build.0 = Release|Any CPU
	EndGlobalSection
	GlobalSection(SolutionProperties) = preSolution
		HideSolutionNode = FALSE
	EndGlobalSection
	GlobalSection(ExtensibilityGlobals) = postSolution
		SolutionGuid = {BAB8FC3D-AE67-43A1-81BA-38809D147B08}
	EndGlobalSection
EndGlobal
